
Microsoft Visual Studio Solution File, Format Version 12.00
# Visual Studio Version 16
VisualStudioVersion = 16.0.29411.108
MinimumVisualStudioVersion = 10.0.40219.1
Project("{FAE04EC0-301F-11D3-BF4B-00C04F79EFBC}") = "Single Responsibily Principle", "Single Responsibily Principle\Single Responsibily Principle.csproj", "{EC2DF3E6-8E28-40A0-A207-1B055AC487CA}"
EndProject
Global
	GlobalSection(SolutionConfigurationPlatforms) = preSolution
		Debug|Any CPU = Debug|Any CPU
		Release|Any CPU = Release|Any CPU
	EndGlobalSection
	GlobalSection(ProjectConfigurationPlatforms) = postSolution
		{EC2DF3E6-8E28-40A0-A207-1B055AC487CA}.Debug|Any CPU.ActiveCfg = Debug|Any CPU
		{EC2DF3E6-8E28-40A0-A207-1B055AC487CA}.Debug|Any CPU.Build.0 = Debug|Any CPU
		{EC2DF3E6-8E28-40A0-A207-1B055AC487CA}.Release|Any CPU.ActiveCfg = Release|Any CPU
		{EC2DF3E6-8E28-40A0-A207-1B055AC487CA}.Release|Any CPU.Build.0 = Release|Any CPU
	EndGlobalSection
	GlobalSection(SolutionProperties) = preSolution
		HideSolutionNode = FALSE
	EndGlobalSection
	GlobalSection(ExtensibilityGlobals) = postSolution
		SolutionGuid = {7B8CC28D-17B7-4EC2-8B36-13D32A847017}
	EndGlobalSection
EndGlobal
